
Microsoft Visual Studio Solution File, Format Version 12.00
# Visual Studio Version 16
VisualStudioVersion = 16.0.32510.428
MinimumVisualStudioVersion = 10.0.40219.1
Project("{FAE04EC0-301F-11D3-BF4B-00C04F79EFBC}") = "CurrencyApp", "CurrencyApp\CurrencyApp.csproj", "{E9944D02-2ACC-478D-A90D-1894A53E5F1E}"
EndProject
Project("{2150E333-8FDC-42A3-9474-1A3956D46DE8}") = "Solution Items", "Solution Items", "{251CBBBE-01AA-4F0E-9FFE-DE1068213DE9}"
	ProjectSection(SolutionItems) = preProject
		.editorconfig = .editorconfig
	EndProjectSection
EndProject
Project("{FAE04EC0-301F-11D3-BF4B-00C04F79EFBC}") = "CurrencyApp.Tests", "CurrencyApp.Tests\CurrencyApp.Tests.csproj", "{C1260A23-1C66-4791-B21D-1E2F22717BF3}"
EndProject
Global
	GlobalSection(SolutionConfigurationPlatforms) = preSolution
		Debug|Any CPU = Debug|Any CPU
		Release|Any CPU = Release|Any CPU
	EndGlobalSection
	GlobalSection(ProjectConfigurationPlatforms) = postSolution
		{E9944D02-2ACC-478D-A90D-1894A53E5F1E}.Debug|Any CPU.ActiveCfg = Debug|Any CPU
		{E9944D02-2ACC-478D-A90D-1894A53E5F1E}.Debug|Any CPU.Build.0 = Debug|Any CPU
		{E9944D02-2ACC-478D-A90D-1894A53E5F1E}.Release|Any CPU.ActiveCfg = Release|Any CPU
		{E9944D02-2ACC-478D-A90D-1894A53E5F1E}.Release|Any CPU.Build.0 = Release|Any CPU
		{C1260A23-1C66-4791-B21D-1E2F22717BF3}.Debug|Any CPU.ActiveCfg = Debug|Any CPU
		{C1260A23-1C66-4791-B21D-1E2F22717BF3}.Debug|Any CPU.Build.0 = Debug|Any CPU
		{C1260A23-1C66-4791-B21D-1E2F22717BF3}.Release|Any CPU.ActiveCfg = Release|Any CPU
		{C1260A23-1C66-4791-B21D-1E2F22717BF3}.Release|Any CPU.Build.0 = Release|Any CPU
	EndGlobalSection
	GlobalSection(SolutionProperties) = preSolution
		HideSolutionNode = FALSE
	EndGlobalSection
	GlobalSection(ExtensibilityGlobals) = postSolution
		SolutionGuid = {BAC47F61-CB85-4D92-BE8D-61C9B8D149AD}
	EndGlobalSection
EndGlobal
